
Microsoft Visual Studio Solution File, Format Version 12.00
# Visual Studio Version 17
VisualStudioVersion = 17.8.34330.188
MinimumVisualStudioVersion = 10.0.40219.1
Project("{2150E333-8FDC-42A3-9474-1A3956D46DE8}") = "src", "src", "{68907E95-C5A4-4FA0-83B6-7B6919FFD340}"
	ProjectSection(SolutionItems) = preProject
		.anotation = .anotation
	EndProjectSection
EndProject
Project("{FAE04EC0-301F-11D3-BF4B-00C04F79EFBC}") = "FastCommerce.Core", "FastCommerce.Core\FastCommerce.Core.csproj", "{17344E50-4281-412D-8BA8-50DE1F5CD663}"
EndProject
Project("{FAE04EC0-301F-11D3-BF4B-00C04F79EFBC}") = "FastCommerce.Data", "FastCommerce.Data\FastCommerce.Data.csproj", "{35FE65FA-122B-4692-9407-1D8C6B473C17}"
EndProject
Project("{FAE04EC0-301F-11D3-BF4B-00C04F79EFBC}") = "FastCommerce.Service", "FastCommerce.Service\FastCommerce.Service.csproj", "{ADD256E5-95D7-42DA-8621-BF2476241905}"
EndProject
Project("{2150E333-8FDC-42A3-9474-1A3956D46DE8}") = "FastCommerce.Api", "FastCommerce.Api", "{8929D76B-4A3E-406D-AFE4-7789DF98532C}"
EndProject
Project("{2150E333-8FDC-42A3-9474-1A3956D46DE8}") = "Catalog", "Catalog", "{0FAC0A8D-A5B5-452F-808C-9DB080CCB61B}"
EndProject
Project("{FAE04EC0-301F-11D3-BF4B-00C04F79EFBC}") = "FastCommerce.Api.Catalog", "FastCommerce.Api.Catalog\FastCommerce.Api.Catalog.csproj", "{99C2F75D-52E5-434C-B55B-60D2C0864E3E}"
EndProject
Project("{2150E333-8FDC-42A3-9474-1A3956D46DE8}") = "FastCommerce.Libraries", "FastCommerce.Libraries", "{735CB37C-BDDD-47F1-8390-E483F93B2837}"
EndProject
Project("{2150E333-8FDC-42A3-9474-1A3956D46DE8}") = "FastCommerce.Presentation", "FastCommerce.Presentation", "{DC378B4D-C7F1-478C-8982-9ED1C830E77A}"
EndProject
Project("{2150E333-8FDC-42A3-9474-1A3956D46DE8}") = "Customers", "Customers", "{1C7A3671-2AED-43DA-A7B5-8B2AB29EC75D}"
EndProject
Project("{2150E333-8FDC-42A3-9474-1A3956D46DE8}") = "Checkout", "Checkout", "{EEF40DE4-D07F-4F57-966B-070F469E7E5C}"
EndProject
Project("{FAE04EC0-301F-11D3-BF4B-00C04F79EFBC}") = "FastCommerce", "FastCommerce\FastCommerce\FastCommerce.csproj", "{EAF27CA5-497C-4352-9000-91A9DDF90852}"
EndProject
Project("{FAE04EC0-301F-11D3-BF4B-00C04F79EFBC}") = "FastCommerce.Client", "FastCommerce\FastCommerce.Client\FastCommerce.Client.csproj", "{04C1D894-5CCB-4539-9823-65496415EBA0}"
EndProject
Global
	GlobalSection(SolutionConfigurationPlatforms) = preSolution
		Debug|Any CPU = Debug|Any CPU
		Release|Any CPU = Release|Any CPU
	EndGlobalSection
	GlobalSection(ProjectConfigurationPlatforms) = postSolution
		{17344E50-4281-412D-8BA8-50DE1F5CD663}.Debug|Any CPU.ActiveCfg = Debug|Any CPU
		{17344E50-4281-412D-8BA8-50DE1F5CD663}.Debug|Any CPU.Build.0 = Debug|Any CPU
		{17344E50-4281-412D-8BA8-50DE1F5CD663}.Release|Any CPU.ActiveCfg = Release|Any CPU
		{17344E50-4281-412D-8BA8-50DE1F5CD663}.Release|Any CPU.Build.0 = Release|Any CPU
		{35FE65FA-122B-4692-9407-1D8C6B473C17}.Debug|Any CPU.ActiveCfg = Debug|Any CPU
		{35FE65FA-122B-4692-9407-1D8C6B473C17}.Debug|Any CPU.Build.0 = Debug|Any CPU
		{35FE65FA-122B-4692-9407-1D8C6B473C17}.Release|Any CPU.ActiveCfg = Release|Any CPU
		{35FE65FA-122B-4692-9407-1D8C6B473C17}.Release|Any CPU.Build.0 = Release|Any CPU
		{ADD256E5-95D7-42DA-8621-BF2476241905}.Debug|Any CPU.ActiveCfg = Debug|Any CPU
		{ADD256E5-95D7-42DA-8621-BF2476241905}.Debug|Any CPU.Build.0 = Debug|Any CPU
		{ADD256E5-95D7-42DA-8621-BF2476241905}.Release|Any CPU.ActiveCfg = Release|Any CPU
		{ADD256E5-95D7-42DA-8621-BF2476241905}.Release|Any CPU.Build.0 = Release|Any CPU
		{99C2F75D-52E5-434C-B55B-60D2C0864E3E}.Debug|Any CPU.ActiveCfg = Debug|Any CPU
		{99C2F75D-52E5-434C-B55B-60D2C0864E3E}.Debug|Any CPU.Build.0 = Debug|Any CPU
		{99C2F75D-52E5-434C-B55B-60D2C0864E3E}.Release|Any CPU.ActiveCfg = Release|Any CPU
		{99C2F75D-52E5-434C-B55B-60D2C0864E3E}.Release|Any CPU.Build.0 = Release|Any CPU
		{EAF27CA5-497C-4352-9000-91A9DDF90852}.Debug|Any CPU.ActiveCfg = Debug|Any CPU
		{EAF27CA5-497C-4352-9000-91A9DDF90852}.Debug|Any CPU.Build.0 = Debug|Any CPU
		{EAF27CA5-497C-4352-9000-91A9DDF90852}.Release|Any CPU.ActiveCfg = Release|Any CPU
		{EAF27CA5-497C-4352-9000-91A9DDF90852}.Release|Any CPU.Build.0 = Release|Any CPU
		{04C1D894-5CCB-4539-9823-65496415EBA0}.Debug|Any CPU.ActiveCfg = Debug|Any CPU
		{04C1D894-5CCB-4539-9823-65496415EBA0}.Debug|Any CPU.Build.0 = Debug|Any CPU
		{04C1D894-5CCB-4539-9823-65496415EBA0}.Release|Any CPU.ActiveCfg = Release|Any CPU
		{04C1D894-5CCB-4539-9823-65496415EBA0}.Release|Any CPU.Build.0 = Release|Any CPU
	EndGlobalSection
	GlobalSection(SolutionProperties) = preSolution
		HideSolutionNode = FALSE
	EndGlobalSection
	GlobalSection(NestedProjects) = preSolution
		{17344E50-4281-412D-8BA8-50DE1F5CD663} = {735CB37C-BDDD-47F1-8390-E483F93B2837}
		{35FE65FA-122B-4692-9407-1D8C6B473C17} = {735CB37C-BDDD-47F1-8390-E483F93B2837}
		{ADD256E5-95D7-42DA-8621-BF2476241905} = {735CB37C-BDDD-47F1-8390-E483F93B2837}
		{8929D76B-4A3E-406D-AFE4-7789DF98532C} = {68907E95-C5A4-4FA0-83B6-7B6919FFD340}
		{0FAC0A8D-A5B5-452F-808C-9DB080CCB61B} = {8929D76B-4A3E-406D-AFE4-7789DF98532C}
		{99C2F75D-52E5-434C-B55B-60D2C0864E3E} = {0FAC0A8D-A5B5-452F-808C-9DB080CCB61B}
		{735CB37C-BDDD-47F1-8390-E483F93B2837} = {68907E95-C5A4-4FA0-83B6-7B6919FFD340}
		{DC378B4D-C7F1-478C-8982-9ED1C830E77A} = {68907E95-C5A4-4FA0-83B6-7B6919FFD340}
		{1C7A3671-2AED-43DA-A7B5-8B2AB29EC75D} = {8929D76B-4A3E-406D-AFE4-7789DF98532C}
		{EEF40DE4-D07F-4F57-966B-070F469E7E5C} = {8929D76B-4A3E-406D-AFE4-7789DF98532C}
		{EAF27CA5-497C-4352-9000-91A9DDF90852} = {DC378B4D-C7F1-478C-8982-9ED1C830E77A}
		{04C1D894-5CCB-4539-9823-65496415EBA0} = {DC378B4D-C7F1-478C-8982-9ED1C830E77A}
	EndGlobalSection
	GlobalSection(ExtensibilityGlobals) = postSolution
		SolutionGuid = {912B0732-1184-41E2-B114-CD363F47EADD}
	EndGlobalSection
EndGlobal
