
Microsoft Visual Studio Solution File, Format Version 12.00
# Visual Studio Version 17
VisualStudioVersion = 17.8.34330.188
MinimumVisualStudioVersion = 10.0.40219.1
Project("{2150E333-8FDC-42A3-9474-1A3956D46DE8}") = "src", "src", "{68907E95-C5A4-4FA0-83B6-7B6919FFD340}"
	ProjectSection(SolutionItems) = preProject
		.anotation = .anotation
	EndProjectSection
EndProject
Project("{9A19103F-16F7-4668-BE54-9A1E7A4F7556}") = "Data", "FastCommerce.Data\Data.csproj", "{35FE65FA-122B-4692-9407-1D8C6B473C17}"
EndProject
Project("{9A19103F-16F7-4668-BE54-9A1E7A4F7556}") = "Service", "FastCommerce.Service\Service.csproj", "{ADD256E5-95D7-42DA-8621-BF2476241905}"
EndProject
Project("{2150E333-8FDC-42A3-9474-1A3956D46DE8}") = "Api", "Api", "{8929D76B-4A3E-406D-AFE4-7789DF98532C}"
EndProject
Project("{2150E333-8FDC-42A3-9474-1A3956D46DE8}") = "Catalog", "Catalog", "{0FAC0A8D-A5B5-452F-808C-9DB080CCB61B}"
EndProject
Project("{9A19103F-16F7-4668-BE54-9A1E7A4F7556}") = "Api.Catalog", "FastCommerce.Api.Catalog\Api.Catalog.csproj", "{99C2F75D-52E5-434C-B55B-60D2C0864E3E}"
EndProject
Project("{2150E333-8FDC-42A3-9474-1A3956D46DE8}") = "Libraries", "Libraries", "{735CB37C-BDDD-47F1-8390-E483F93B2837}"
EndProject
Project("{2150E333-8FDC-42A3-9474-1A3956D46DE8}") = "Presentation", "Presentation", "{DC378B4D-C7F1-478C-8982-9ED1C830E77A}"
EndProject
Project("{2150E333-8FDC-42A3-9474-1A3956D46DE8}") = "Customers", "Customers", "{1C7A3671-2AED-43DA-A7B5-8B2AB29EC75D}"
EndProject
Project("{2150E333-8FDC-42A3-9474-1A3956D46DE8}") = "Checkout", "Checkout", "{EEF40DE4-D07F-4F57-966B-070F469E7E5C}"
EndProject
Project("{2150E333-8FDC-42A3-9474-1A3956D46DE8}") = "Shipping", "Shipping", "{34569847-D5AF-49D2-81A2-707216870E04}"
EndProject
Project("{9A19103F-16F7-4668-BE54-9A1E7A4F7556}") = "Api.Shipping", "FastCommerce.Api.Shipping\Api.Shipping.csproj", "{2341B63D-F6C8-4972-9F4F-FA2374E22570}"
EndProject
Project("{9A19103F-16F7-4668-BE54-9A1E7A4F7556}") = "Api.Customer", "Api.Customer\Api.Customer.csproj", "{479F0A15-3E39-4B0F-80E0-DD3E4F07AF68}"
EndProject
Project("{2150E333-8FDC-42A3-9474-1A3956D46DE8}") = "Gateway", "Gateway", "{CC61C0A4-9820-48F7-80D8-3F0343324684}"
EndProject
Project("{9A19103F-16F7-4668-BE54-9A1E7A4F7556}") = "Core", "FastCommerce.Core\Core.csproj", "{5324F5F3-C10D-411C-AFA9-93071C99793D}"
EndProject
Project("{9A19103F-16F7-4668-BE54-9A1E7A4F7556}") = "UI.Server", "UI\UI\UI.Server.csproj", "{863ED3C1-7545-4292-9D84-530E4C22ED0A}"
EndProject
Project("{9A19103F-16F7-4668-BE54-9A1E7A4F7556}") = "UI.Client", "UI\UI.Client\UI.Client.csproj", "{8D859B2E-47D0-4610-9108-0FFFE9F5879D}"
EndProject
Project("{9A19103F-16F7-4668-BE54-9A1E7A4F7556}") = "Api.Ocelot", "Api.Ocelot\Api.Ocelot.csproj", "{37326F6E-4EF1-4653-AAFA-BB3BF6637855}"
EndProject
Global
	GlobalSection(SolutionConfigurationPlatforms) = preSolution
		Debug|Any CPU = Debug|Any CPU
		Release|Any CPU = Release|Any CPU
	EndGlobalSection
	GlobalSection(ProjectConfigurationPlatforms) = postSolution
		{35FE65FA-122B-4692-9407-1D8C6B473C17}.Debug|Any CPU.ActiveCfg = Debug|Any CPU
		{35FE65FA-122B-4692-9407-1D8C6B473C17}.Debug|Any CPU.Build.0 = Debug|Any CPU
		{35FE65FA-122B-4692-9407-1D8C6B473C17}.Release|Any CPU.ActiveCfg = Release|Any CPU
		{35FE65FA-122B-4692-9407-1D8C6B473C17}.Release|Any CPU.Build.0 = Release|Any CPU
		{ADD256E5-95D7-42DA-8621-BF2476241905}.Debug|Any CPU.ActiveCfg = Debug|Any CPU
		{ADD256E5-95D7-42DA-8621-BF2476241905}.Debug|Any CPU.Build.0 = Debug|Any CPU
		{ADD256E5-95D7-42DA-8621-BF2476241905}.Release|Any CPU.ActiveCfg = Release|Any CPU
		{ADD256E5-95D7-42DA-8621-BF2476241905}.Release|Any CPU.Build.0 = Release|Any CPU
		{99C2F75D-52E5-434C-B55B-60D2C0864E3E}.Debug|Any CPU.ActiveCfg = Debug|Any CPU
		{99C2F75D-52E5-434C-B55B-60D2C0864E3E}.Debug|Any CPU.Build.0 = Debug|Any CPU
		{99C2F75D-52E5-434C-B55B-60D2C0864E3E}.Release|Any CPU.ActiveCfg = Release|Any CPU
		{99C2F75D-52E5-434C-B55B-60D2C0864E3E}.Release|Any CPU.Build.0 = Release|Any CPU
		{2341B63D-F6C8-4972-9F4F-FA2374E22570}.Debug|Any CPU.ActiveCfg = Debug|Any CPU
		{2341B63D-F6C8-4972-9F4F-FA2374E22570}.Debug|Any CPU.Build.0 = Debug|Any CPU
		{2341B63D-F6C8-4972-9F4F-FA2374E22570}.Release|Any CPU.ActiveCfg = Release|Any CPU
		{2341B63D-F6C8-4972-9F4F-FA2374E22570}.Release|Any CPU.Build.0 = Release|Any CPU
		{479F0A15-3E39-4B0F-80E0-DD3E4F07AF68}.Debug|Any CPU.ActiveCfg = Debug|Any CPU
		{479F0A15-3E39-4B0F-80E0-DD3E4F07AF68}.Debug|Any CPU.Build.0 = Debug|Any CPU
		{479F0A15-3E39-4B0F-80E0-DD3E4F07AF68}.Release|Any CPU.ActiveCfg = Release|Any CPU
		{479F0A15-3E39-4B0F-80E0-DD3E4F07AF68}.Release|Any CPU.Build.0 = Release|Any CPU
		{5324F5F3-C10D-411C-AFA9-93071C99793D}.Debug|Any CPU.ActiveCfg = Debug|Any CPU
		{5324F5F3-C10D-411C-AFA9-93071C99793D}.Debug|Any CPU.Build.0 = Debug|Any CPU
		{5324F5F3-C10D-411C-AFA9-93071C99793D}.Release|Any CPU.ActiveCfg = Release|Any CPU
		{5324F5F3-C10D-411C-AFA9-93071C99793D}.Release|Any CPU.Build.0 = Release|Any CPU
		{863ED3C1-7545-4292-9D84-530E4C22ED0A}.Debug|Any CPU.ActiveCfg = Debug|Any CPU
		{863ED3C1-7545-4292-9D84-530E4C22ED0A}.Debug|Any CPU.Build.0 = Debug|Any CPU
		{863ED3C1-7545-4292-9D84-530E4C22ED0A}.Release|Any CPU.ActiveCfg = Release|Any CPU
		{863ED3C1-7545-4292-9D84-530E4C22ED0A}.Release|Any CPU.Build.0 = Release|Any CPU
		{8D859B2E-47D0-4610-9108-0FFFE9F5879D}.Debug|Any CPU.ActiveCfg = Debug|Any CPU
		{8D859B2E-47D0-4610-9108-0FFFE9F5879D}.Debug|Any CPU.Build.0 = Debug|Any CPU
		{8D859B2E-47D0-4610-9108-0FFFE9F5879D}.Release|Any CPU.ActiveCfg = Release|Any CPU
		{8D859B2E-47D0-4610-9108-0FFFE9F5879D}.Release|Any CPU.Build.0 = Release|Any CPU
		{37326F6E-4EF1-4653-AAFA-BB3BF6637855}.Debug|Any CPU.ActiveCfg = Debug|Any CPU
		{37326F6E-4EF1-4653-AAFA-BB3BF6637855}.Debug|Any CPU.Build.0 = Debug|Any CPU
		{37326F6E-4EF1-4653-AAFA-BB3BF6637855}.Release|Any CPU.ActiveCfg = Release|Any CPU
		{37326F6E-4EF1-4653-AAFA-BB3BF6637855}.Release|Any CPU.Build.0 = Release|Any CPU
	EndGlobalSection
	GlobalSection(SolutionProperties) = preSolution
		HideSolutionNode = FALSE
	EndGlobalSection
	GlobalSection(NestedProjects) = preSolution
		{35FE65FA-122B-4692-9407-1D8C6B473C17} = {735CB37C-BDDD-47F1-8390-E483F93B2837}
		{ADD256E5-95D7-42DA-8621-BF2476241905} = {735CB37C-BDDD-47F1-8390-E483F93B2837}
		{8929D76B-4A3E-406D-AFE4-7789DF98532C} = {68907E95-C5A4-4FA0-83B6-7B6919FFD340}
		{0FAC0A8D-A5B5-452F-808C-9DB080CCB61B} = {8929D76B-4A3E-406D-AFE4-7789DF98532C}
		{99C2F75D-52E5-434C-B55B-60D2C0864E3E} = {0FAC0A8D-A5B5-452F-808C-9DB080CCB61B}
		{735CB37C-BDDD-47F1-8390-E483F93B2837} = {68907E95-C5A4-4FA0-83B6-7B6919FFD340}
		{DC378B4D-C7F1-478C-8982-9ED1C830E77A} = {68907E95-C5A4-4FA0-83B6-7B6919FFD340}
		{1C7A3671-2AED-43DA-A7B5-8B2AB29EC75D} = {8929D76B-4A3E-406D-AFE4-7789DF98532C}
		{EEF40DE4-D07F-4F57-966B-070F469E7E5C} = {8929D76B-4A3E-406D-AFE4-7789DF98532C}
		{34569847-D5AF-49D2-81A2-707216870E04} = {8929D76B-4A3E-406D-AFE4-7789DF98532C}
		{2341B63D-F6C8-4972-9F4F-FA2374E22570} = {34569847-D5AF-49D2-81A2-707216870E04}
		{479F0A15-3E39-4B0F-80E0-DD3E4F07AF68} = {1C7A3671-2AED-43DA-A7B5-8B2AB29EC75D}
		{CC61C0A4-9820-48F7-80D8-3F0343324684} = {8929D76B-4A3E-406D-AFE4-7789DF98532C}
		{5324F5F3-C10D-411C-AFA9-93071C99793D} = {735CB37C-BDDD-47F1-8390-E483F93B2837}
		{863ED3C1-7545-4292-9D84-530E4C22ED0A} = {DC378B4D-C7F1-478C-8982-9ED1C830E77A}
		{8D859B2E-47D0-4610-9108-0FFFE9F5879D} = {DC378B4D-C7F1-478C-8982-9ED1C830E77A}
		{37326F6E-4EF1-4653-AAFA-BB3BF6637855} = {CC61C0A4-9820-48F7-80D8-3F0343324684}
	EndGlobalSection
	GlobalSection(ExtensibilityGlobals) = postSolution
		SolutionGuid = {912B0732-1184-41E2-B114-CD363F47EADD}
	EndGlobalSection
EndGlobal
